# THIS IS AN AUTOGENERATED FILE. DO NOT EDIT THIS FILE DIRECTLY.
# yarn lockfile v1


"@apidevtools/json-schema-ref-parser@^11.5.5":
  version "11.9.3"
  resolved "https://registry.yarnpkg.com/@apidevtools/json-schema-ref-parser/-/json-schema-ref-parser-11.9.3.tgz#0e0c9061fc41cf03737d499a4e6a8299fdd2bfa7"
  integrity sha512-60vepv88RwcJtSHrD6MjIL6Ta3SOYbgfnkHb+ppAVK+o9mXprRtulx7VlRl3lN3bbvysAfCS7WMVfhUYemB0IQ==
  dependencies:
    "@jsdevtools/ono" "^7.1.3"
    "@types/json-schema" "^7.0.15"
    js-yaml "^4.1.0"

"@jsdevtools/ono@^7.1.3":
  version "7.1.3"
  resolved "https://registry.yarnpkg.com/@jsdevtools/ono/-/ono-7.1.3.tgz#9df03bbd7c696a5c58885c34aa06da41c8543796"
  integrity sha512-4JQNk+3mVzK3xh2rqd6RB4J46qUR19azEHBneZyTZM+c456qOrbbM/5xcR8huNCCcbVt7+UmizG6GuUvPvKUYg==

"@types/json-schema@^7.0.15":
  version "7.0.15"
  resolved "https://registry.yarnpkg.com/@types/json-schema/-/json-schema-7.0.15.tgz#596a1747233694d50f6ad8a7869fcb6f56cf5841"
  integrity sha512-5+fP8P8MFNC+AyZCDxrB2pkZFPGzqQWUzpSeuuVLvm8VMcorNYavBqoFcxK8bQz4Qsbn4oUEEem4wDLfcysGHA==

"@types/lodash@^4.17.7":
  version "4.17.24"
  resolved "https://registry.yarnpkg.com/@types/lodash/-/lodash-4.17.24.tgz#4ae334fc62c0e915ca8ed8e35dcc6d4eeb29215f"
  integrity sha512-gIW7lQLZbue7lRSWEFql49QJJWThrTFFeIMJdp3eH4tKoxm1OvEPg02rm4wCCSHS0cL3/Fizimb35b7k8atwsQ==

ajv-formats@^2.1.1:
  version "2.1.1"
  resolved "https://registry.yarnpkg.com/ajv-formats/-/ajv-formats-2.1.1.tgz#6e669400659eb74973bbf2e33327180a0996b520"
  integrity sha512-Wx0Kx52hxE7C18hkMEggYlEifqWZtYaRgouJor+WMdPnQyEK13vgEWyVNup7SoeeoLMsr4kf5h6dOW11I15MUA==
  dependencies:
    ajv "^8.0.0"

ajv@^8.0.0, ajv@^8.12.0:
  version "8.20.0"
  resolved "https://registry.yarnpkg.com/ajv/-/ajv-8.20.0.tgz#304b3636add88ba7d936760dd50ece006dea95f9"
  integrity sha512-Thbli+OlOj+iMPYFBVBfJ3OmCAnaSyNn4M1vz9T6Gka5Jt9ba/HIR56joy65tY6kx/FCF5VXNB819Y7/GUrBGA==
  dependencies:
    fast-deep-equal "^3.1.3"
    fast-uri "^3.0.1"
    json-schema-traverse "^1.0.0"
    require-from-string "^2.0.2"

argparse@^2.0.1:
  version "2.0.1"
  resolved "https://registry.yarnpkg.com/argparse/-/argparse-2.0.1.tgz#246f50f3ca78a3240f6c997e8a9bd1eac49e4b38"
  integrity sha512-8+9WqebbFzpX9OR+Wa6O29asIogeRMzcGtAINdpMHHyAg10f05aSFVBbcEqGf/PXw1EjAZ+q2/bEBg3DvurK3Q==

fast-deep-equal@^3.1.3:
  version "3.1.3"
  resolved "https://registry.yarnpkg.com/fast-deep-equal/-/fast-deep-equal-3.1.3.tgz#3a7d56b559d6cbc3eb512325244e619a65c6c525"
  integrity sha512-f3qQ9oQy9j2AhBe/H9VC91wLmKBCCU/gDOnKNAYG5hswO7BLKj09Hc5HYNz9cGI++xlpDCIgDaitVs03ATR84Q==

fast-uri@^3.0.1:
  version "3.1.2"
  resolved "https://registry.yarnpkg.com/fast-uri/-/fast-uri-3.1.2.tgz#8af3d4fc9d3e71b11572cc2673b514a7d1a8c8ec"
  integrity sha512-rVjf7ArG3LTk+FS6Yw81V1DLuZl1bRbNrev6Tmd/9RaroeeRRJhAt7jg/6YFxbvAQXUCavSoZhPPj6oOx+5KjQ==

fdir@^6.5.0:
  version "6.5.0"
  resolved "https://registry.yarnpkg.com/fdir/-/fdir-6.5.0.tgz#ed2ab967a331ade62f18d077dae192684d50d350"
  integrity sha512-tIbYtZbucOs0BRGqPJkshJUYdL+SDH7dVM8gjy+ERp3WAUjLEFJE+02kanyHtwjWOnwrKYBiwAmM0p4kLJAnXg==

is-extglob@^2.1.1:
  version "2.1.1"
  resolved "https://registry.yarnpkg.com/is-extglob/-/is-extglob-2.1.1.tgz#a88c02535791f02ed37c76a1b9ea9773c833f8c2"
  integrity sha512-SbKbANkN603Vi4jEZv49LeVJMn4yGwsbzZworEoyEiutsN3nJYdbO36zfhGJ6QEDpOZIFkDtnq5JRxmvl3jsoQ==

is-glob@^4.0.3:
  version "4.0.3"
  resolved "https://registry.yarnpkg.com/is-glob/-/is-glob-4.0.3.tgz#64f61e42cbbb2eec2071a9dac0b28ba1e65d5084"
  integrity sha512-xelSayHH36ZgE7ZWhli7pW34hNbNl8Ojv5KVmkJD4hBdD3th8Tfk9vYasLM+mXWOZhFkgZfxhLSnrwRr4elSSg==
  dependencies:
    is-extglob "^2.1.1"

js-yaml@^4.1.0:
  version "4.1.1"
  resolved "https://registry.yarnpkg.com/js-yaml/-/js-yaml-4.1.1.tgz#854c292467705b699476e1a2decc0c8a3458806b"
  integrity sha512-qQKT4zQxXl8lLwBtHMWwaTcGfFOZviOJet3Oy/xmGk2gZH677CJM9EvtfdSkgWcATZhj/55JZ0rmy3myCT5lsA==
  dependencies:
    argparse "^2.0.1"

json-schema-to-typescript@^15.0.0:
  version "15.0.4"
  resolved "https://registry.yarnpkg.com/json-schema-to-typescript/-/json-schema-to-typescript-15.0.4.tgz#a530c7f17312503b262ae12233749732171840f3"
  integrity sha512-Su9oK8DR4xCmDsLlyvadkXzX6+GGXJpbhwoLtOGArAG61dvbW4YQmSEno2y66ahpIdmLMg6YUf/QHLgiwvkrHQ==
  dependencies:
    "@apidevtools/json-schema-ref-parser" "^11.5.5"
    "@types/json-schema" "^7.0.15"
    "@types/lodash" "^4.17.7"
    is-glob "^4.0.3"
    js-yaml "^4.1.0"
    lodash "^4.17.21"
    minimist "^1.2.8"
    prettier "^3.2.5"
    tinyglobby "^0.2.9"

json-schema-traverse@^1.0.0:
  version "1.0.0"
  resolved "https://registry.yarnpkg.com/json-schema-traverse/-/json-schema-traverse-1.0.0.tgz#ae7bcb3656ab77a73ba5c49bf654f38e6b6860e2"
  integrity sha512-NM8/P9n3XjXhIZn1lLhkFaACTOURQXjWhV4BA/RnOv8xvgqtqpAX9IO4mRQxSx1Rlo4tqzeqb0sOlruaOy3dug==

lodash@^4.17.21:
  version "4.18.1"
  resolved "https://registry.yarnpkg.com/lodash/-/lodash-4.18.1.tgz#ff2b66c1f6326d59513de2407bf881439812771c"
  integrity sha512-dMInicTPVE8d1e5otfwmmjlxkZoUpiVLwyeTdUsi/Caj/gfzzblBcCE5sRHV/AsjuCmxWrte2TNGSYuCeCq+0Q==

minimist@^1.2.8:
  version "1.2.8"
  resolved "https://registry.yarnpkg.com/minimist/-/minimist-1.2.8.tgz#c1a464e7693302e082a075cee0c057741ac4772c"
  integrity sha512-2yyAR8qBkN3YuheJanUpWC5U3bb5osDywNB8RzDVlDwDHbocAJveqqj1u8+SVD7jkWT4yvsHCpWqqWqAxb0zCA==

picomatch@^4.0.4:
  version "4.0.4"
  resolved "https://registry.yarnpkg.com/picomatch/-/picomatch-4.0.4.tgz#fd6f5e00a143086e074dffe4c924b8fb293b0589"
  integrity sha512-QP88BAKvMam/3NxH6vj2o21R6MjxZUAd6nlwAS/pnGvN9IVLocLHxGYIzFhg6fUQ+5th6P4dv4eW9jX3DSIj7A==

prettier@^3.2.5:
  version "3.8.3"
  resolved "https://registry.yarnpkg.com/prettier/-/prettier-3.8.3.tgz#560f2de55bf01b4c0503bc629d5df99b9a1d09b0"
  integrity sha512-7igPTM53cGHMW8xWuVTydi2KO233VFiTNyF5hLJqpilHfmn8C8gPf+PS7dUT64YcXFbiMGZxS9pCSxL/Dxm/Jw==

require-from-string@^2.0.2:
  version "2.0.2"
  resolved "https://registry.yarnpkg.com/require-from-string/-/require-from-string-2.0.2.tgz#89a7fdd938261267318eafe14f9c32e598c36909"
  integrity sha512-Xf0nWe6RseziFMu+Ap9biiUbmplq6S9/p+7w7YXP/JBHhrUDDUhwa+vANyubuqfZWTveU//DYVGsDG7RKL/vEw==

tinyglobby@^0.2.9:
  version "0.2.16"
  resolved "https://registry.yarnpkg.com/tinyglobby/-/tinyglobby-0.2.16.tgz#1c3b7eb953fce42b226bc5a1ee06428281aff3d6"
  integrity sha512-pn99VhoACYR8nFHhxqix+uvsbXineAasWm5ojXoN8xEwK5Kd3/TrhNn1wByuD52UxWRLy8pu+kRMniEi6Eq9Zg==
  dependencies:
    fdir "^6.5.0"
    picomatch "^4.0.4"
